
Microsoft Visual Studio Solution File, Format Version 12.00
# Visual Studio 2012
Project("{FAE04EC0-301F-11D3-BF4B-00C04F79EFBC}") = "ChromeProfileAspect", "ChromeProfileAspect\ChromeProfileAspect.csproj", "{B4C77BF0-0710-4A62-9C7E-96A1308BDBC0}"
EndProject
Global
	GlobalSection(SolutionConfigurationPlatforms) = preSolution
		Debug|Any CPU = Debug|Any CPU
		Release|Any CPU = Release|Any CPU
	EndGlobalSection
	GlobalSection(ProjectConfigurationPlatforms) = postSolution
		{B4C77BF0-0710-4A62-9C7E-96A1308BDBC0}.Debug|Any CPU.ActiveCfg = Debug|Any CPU
		{B4C77BF0-0710-4A62-9C7E-96A1308BDBC0}.Debug|Any CPU.Build.0 = Debug|Any CPU
		{B4C77BF0-0710-4A62-9C7E-96A1308BDBC0}.Release|Any CPU.ActiveCfg = Release|Any CPU
		{B4C77BF0-0710-4A62-9C7E-96A1308BDBC0}.Release|Any CPU.Build.0 = Release|Any CPU
	EndGlobalSection
EndGlobal
